// !$*UTF8*$!
{
	archiveVersion = 1;
	classes = {
	};
	objectVersion = 52;
	objects = {

/* Begin PBXBuildFile section */
		FA23D5262615127D00A00E36 /* ArticleView.swift in Sources */ = {isa = PBXBuildFile; fileRef = FA23D5252615127D00A00E36 /* ArticleView.swift */; };
		FA23D5272615127D00A00E36 /* ArticleView.swift in Sources */ = {isa = PBXBuildFile; fileRef = FA23D5252615127D00A00E36 /* ArticleView.swift */; };
		FA317E0B261771BD00E8A660 /* TagListView.swift in Sources */ = {isa = PBXBuildFile; fileRef = FA317E0A261771BD00E8A660 /* TagListView.swift */; };
		FA317E0C261771BD00E8A660 /* TagListView.swift in Sources */ = {isa = PBXBuildFile; fileRef = FA317E0A261771BD00E8A660 /* TagListView.swift */; };
		FA51B482261F4650003E7DF3 /* DEVAPI in Frameworks */ = {isa = PBXBuildFile; productRef = FA51B481261F4650003E7DF3 /* DEVAPI */; };
		FA51B484261F4655003E7DF3 /* DEVAPI in Frameworks */ = {isa = PBXBuildFile; productRef = FA51B483261F4655003E7DF3 /* DEVAPI */; };
		FA51B48A261F4F9F003E7DF3 /* AppError.swift in Sources */ = {isa = PBXBuildFile; fileRef = FA51B489261F4F9F003E7DF3 /* AppError.swift */; };
		FA51B48B261F4F9F003E7DF3 /* AppError.swift in Sources */ = {isa = PBXBuildFile; fileRef = FA51B489261F4F9F003E7DF3 /* AppError.swift */; };
		FA51B494261F56A7003E7DF3 /* RemoteImageView.swift in Sources */ = {isa = PBXBuildFile; fileRef = FA51B493261F56A7003E7DF3 /* RemoteImageView.swift */; };
		FA51B495261F56A7003E7DF3 /* RemoteImageView.swift in Sources */ = {isa = PBXBuildFile; fileRef = FA51B493261F56A7003E7DF3 /* RemoteImageView.swift */; };
		FA51B49C261F58C6003E7DF3 /* Kingfisher in Frameworks */ = {isa = PBXBuildFile; productRef = FA51B49B261F58C6003E7DF3 /* Kingfisher */; };
		FA51B4A2261F58CF003E7DF3 /* Kingfisher in Frameworks */ = {isa = PBXBuildFile; productRef = FA51B4A1261F58CF003E7DF3 /* Kingfisher */; };
		FA51B4A8261F5B93003E7DF3 /* RoundedBorderViewModifier.swift in Sources */ = {isa = PBXBuildFile; fileRef = FA51B4A7261F5B93003E7DF3 /* RoundedBorderViewModifier.swift */; };
		FA51B4A9261F5B93003E7DF3 /* RoundedBorderViewModifier.swift in Sources */ = {isa = PBXBuildFile; fileRef = FA51B4A7261F5B93003E7DF3 /* RoundedBorderViewModifier.swift */; };
		FAA7A07E260B97F2007F48A1 /* View+Extensions.swift in Sources */ = {isa = PBXBuildFile; fileRef = FAA7A07D260B97F2007F48A1 /* View+Extensions.swift */; };
		FAA7A088260B98B7007F48A1 /* Platform.swift in Sources */ = {isa = PBXBuildFile; fileRef = FAA7A087260B98B7007F48A1 /* Platform.swift */; };
		FAA7A089260B98B7007F48A1 /* Platform.swift in Sources */ = {isa = PBXBuildFile; fileRef = FAA7A087260B98B7007F48A1 /* Platform.swift */; };
		FAA7A08E260B9A54007F48A1 /* View+Extensions.swift in Sources */ = {isa = PBXBuildFile; fileRef = FAA7A07D260B97F2007F48A1 /* View+Extensions.swift */; };
		FAA7A094260B9B8A007F48A1 /* AppSideBarView.swift in Sources */ = {isa = PBXBuildFile; fileRef = FAA7A093260B9B8A007F48A1 /* AppSideBarView.swift */; };
		FAA7A0A7260BABAC007F48A1 /* Module.swift in Sources */ = {isa = PBXBuildFile; fileRef = FAA7A0A6260BABAC007F48A1 /* Module.swift */; };
		FAA7A0A8260BABAC007F48A1 /* Module.swift in Sources */ = {isa = PBXBuildFile; fileRef = FAA7A0A6260BABAC007F48A1 /* Module.swift */; };
		FAABEF0F2609257E00753714 /* App.swift in Sources */ = {isa = PBXBuildFile; fileRef = FAABEEFC2609257D00753714 /* App.swift */; };
		FAABEF102609257E00753714 /* App.swift in Sources */ = {isa = PBXBuildFile; fileRef = FAABEEFC2609257D00753714 /* App.swift */; };
		FAABEF112609257E00753714 /* AppView.swift in Sources */ = {isa = PBXBuildFile; fileRef = FAABEEFD2609257D00753714 /* AppView.swift */; };
		FAABEF122609257E00753714 /* AppView.swift in Sources */ = {isa = PBXBuildFile; fileRef = FAABEEFD2609257D00753714 /* AppView.swift */; };
		FAABEF132609257E00753714 /* Assets.xcassets in Resources */ = {isa = PBXBuildFile; fileRef = FAABEEFE2609257E00753714 /* Assets.xcassets */; };
		FAABEF142609257E00753714 /* Assets.xcassets in Resources */ = {isa = PBXBuildFile; fileRef = FAABEEFE2609257E00753714 /* Assets.xcassets */; };
		FAABEF232609276900753714 /* HomeCore.swift in Sources */ = {isa = PBXBuildFile; fileRef = FAABEF222609276900753714 /* HomeCore.swift */; };
		FAABEF28260927F500753714 /* ComposableArchitecture in Frameworks */ = {isa = PBXBuildFile; productRef = FAABEF27260927F500753714 /* ComposableArchitecture */; };
		FAABEF2D2609285D00753714 /* ComposableArchitecture in Frameworks */ = {isa = PBXBuildFile; productRef = FAABEF2C2609285D00753714 /* ComposableArchitecture */; };
		FAABEF372609292800753714 /* HomeView.swift in Sources */ = {isa = PBXBuildFile; fileRef = FAABEF362609292800753714 /* HomeView.swift */; };
		FAABEF3D2609297F00753714 /* AppCore.swift in Sources */ = {isa = PBXBuildFile; fileRef = FAABEF3C2609297F00753714 /* AppCore.swift */; };
		FAABEF42260929B000753714 /* AppCore.swift in Sources */ = {isa = PBXBuildFile; fileRef = FAABEF3C2609297F00753714 /* AppCore.swift */; };
		FAABEF45260929B500753714 /* HomeCore.swift in Sources */ = {isa = PBXBuildFile; fileRef = FAABEF222609276900753714 /* HomeCore.swift */; };
		FAABEF48260929B800753714 /* HomeView.swift in Sources */ = {isa = PBXBuildFile; fileRef = FAABEF362609292800753714 /* HomeView.swift */; };
		FAABEF67260938E700753714 /* DEViOSTests.swift in Sources */ = {isa = PBXBuildFile; fileRef = FAABEF66260938E700753714 /* DEViOSTests.swift */; };
		FAABEF78260938F900753714 /* DEVmacOSTests.swift in Sources */ = {isa = PBXBuildFile; fileRef = FAABEF77260938F900753714 /* DEVmacOSTests.swift */; };
		FAB43F63260D3CD2005D2D73 /* ReadingListView.swift in Sources */ = {isa = PBXBuildFile; fileRef = FAB43F62260D3CD2005D2D73 /* ReadingListView.swift */; };
		FAB43F64260D3CD2005D2D73 /* ReadingListView.swift in Sources */ = {isa = PBXBuildFile; fileRef = FAB43F62260D3CD2005D2D73 /* ReadingListView.swift */; };
		FABBB7DA260FBEED00AB95FC /* Cursor.swift in Sources */ = {isa = PBXBuildFile; fileRef = FABBB7D8260FBEED00AB95FC /* Cursor.swift */; };
		FABBB7E5260FC10C00AB95FC /* ListingsView.swift in Sources */ = {isa = PBXBuildFile; fileRef = FABBB7E4260FC10C00AB95FC /* ListingsView.swift */; };
		FABBB7E6260FC10C00AB95FC /* ListingsView.swift in Sources */ = {isa = PBXBuildFile; fileRef = FABBB7E4260FC10C00AB95FC /* ListingsView.swift */; };
		FABBB813260FEE6700AB95FC /* PodcastsView.swift in Sources */ = {isa = PBXBuildFile; fileRef = FABBB812260FEE6700AB95FC /* PodcastsView.swift */; };
		FABBB814260FEE6700AB95FC /* PodcastsView.swift in Sources */ = {isa = PBXBuildFile; fileRef = FABBB812260FEE6700AB95FC /* PodcastsView.swift */; };
		FABBB81F2610AA0300AB95FC /* VideosView.swift in Sources */ = {isa = PBXBuildFile; fileRef = FABBB81E2610AA0300AB95FC /* VideosView.swift */; };
		FABBB8202610AA0400AB95FC /* VideosView.swift in Sources */ = {isa = PBXBuildFile; fileRef = FABBB81E2610AA0300AB95FC /* VideosView.swift */; };
		FABBB82B2610AACA00AB95FC /* TagsView.swift in Sources */ = {isa = PBXBuildFile; fileRef = FABBB82A2610AACA00AB95FC /* TagsView.swift */; };
		FABBB82C2610AACA00AB95FC /* TagsView.swift in Sources */ = {isa = PBXBuildFile; fileRef = FABBB82A2610AACA00AB95FC /* TagsView.swift */; };
		FABBB8372610AC5600AB95FC /* CodeOfConductView.swift in Sources */ = {isa = PBXBuildFile; fileRef = FABBB8362610AC5600AB95FC /* CodeOfConductView.swift */; };
		FABBB8382610AC5600AB95FC /* CodeOfConductView.swift in Sources */ = {isa = PBXBuildFile; fileRef = FABBB8362610AC5600AB95FC /* CodeOfConductView.swift */; };
		FABBB8432610AD1D00AB95FC /* FAQView.swift in Sources */ = {isa = PBXBuildFile; fileRef = FABBB8422610AD1D00AB95FC /* FAQView.swift */; };
		FABBB8442610AD1D00AB95FC /* FAQView.swift in Sources */ = {isa = PBXBuildFile; fileRef = FABBB8422610AD1D00AB95FC /* FAQView.swift */; };
		FABBB84F2611175400AB95FC /* DEVShopView.swift in Sources */ = {isa = PBXBuildFile; fileRef = FABBB84E2611175400AB95FC /* DEVShopView.swift */; };
		FABBB8502611175400AB95FC /* DEVShopView.swift in Sources */ = {isa = PBXBuildFile; fileRef = FABBB84E2611175400AB95FC /* DEVShopView.swift */; };
		FABBB8632611182300AB95FC /* SponsorsView.swift in Sources */ = {isa = PBXBuildFile; fileRef = FABBB8622611182300AB95FC /* SponsorsView.swift */; };
		FABBB8642611182300AB95FC /* SponsorsView.swift in Sources */ = {isa = PBXBuildFile; fileRef = FABBB8622611182300AB95FC /* SponsorsView.swift */; };
		FABBB86F2611191800AB95FC /* AboutView.swift in Sources */ = {isa = PBXBuildFile; fileRef = FABBB86E2611191800AB95FC /* AboutView.swift */; };
		FABBB8702611191800AB95FC /* AboutView.swift in Sources */ = {isa = PBXBuildFile; fileRef = FABBB86E2611191800AB95FC /* AboutView.swift */; };
		FABBB87726111A0D00AB95FC /* PrivacyPolicyView.swift in Sources */ = {isa = PBXBuildFile; fileRef = FABBB87626111A0D00AB95FC /* PrivacyPolicyView.swift */; };
		FABBB87826111A0D00AB95FC /* PrivacyPolicyView.swift in Sources */ = {isa = PBXBuildFile; fileRef = FABBB87626111A0D00AB95FC /* PrivacyPolicyView.swift */; };
		FABBB87F26111BE000AB95FC /* TermsOfUseView.swift in Sources */ = {isa = PBXBuildFile; fileRef = FABBB87E26111BE000AB95FC /* TermsOfUseView.swift */; };
		FABBB88026111BE000AB95FC /* TermsOfUseView.swift in Sources */ = {isa = PBXBuildFile; fileRef = FABBB87E26111BE000AB95FC /* TermsOfUseView.swift */; };
		FABBB88726111C6300AB95FC /* ContactView.swift in Sources */ = {isa = PBXBuildFile; fileRef = FABBB88626111C6300AB95FC /* ContactView.swift */; };
		FABBB88826111C6300AB95FC /* ContactView.swift in Sources */ = {isa = PBXBuildFile; fileRef = FABBB88626111C6300AB95FC /* ContactView.swift */; };
		FABBB8A5261120E300AB95FC /* AppSideBarView.swift in Sources */ = {isa = PBXBuildFile; fileRef = FAA7A093260B9B8A007F48A1 /* AppSideBarView.swift */; };
		FADC1F632618F5F9009A129D /* DEVButton.swift in Sources */ = {isa = PBXBuildFile; fileRef = FADC1F622618F5F9009A129D /* DEVButton.swift */; };
		FADC1F642618F5F9009A129D /* DEVButton.swift in Sources */ = {isa = PBXBuildFile; fileRef = FADC1F622618F5F9009A129D /* DEVButton.swift */; };
		FAFB74F52611E00D008269BB /* Layout+Extensions.swift in Sources */ = {isa = PBXBuildFile; fileRef = FAFB74F42611E00D008269BB /* Layout+Extensions.swift */; };
		FAFB74FA2611E012008269BB /* Layout+Extensions.swift in Sources */ = {isa = PBXBuildFile; fileRef = FAFB74EE2611E000008269BB /* Layout+Extensions.swift */; };
		FAFB75102611E9B5008269BB /* Color+Extensions.swift in Sources */ = {isa = PBXBuildFile; fileRef = FAFB750F2611E9B5008269BB /* Color+Extensions.swift */; };
		FAFB75112611E9B5008269BB /* Color+Extensions.swift in Sources */ = {isa = PBXBuildFile; fileRef = FAFB750F2611E9B5008269BB /* Color+Extensions.swift */; };
		FAFF5AB0261A4FAC00B94641 /* AppDelegate.swift in Sources */ = {isa = PBXBuildFile; fileRef = FAFF5AAF261A4FAC00B94641 /* AppDelegate.swift */; };
/* End PBXBuildFile section */

/* Begin PBXContainerItemProxy section */
		FAABEF69260938E700753714 /* PBXContainerItemProxy */ = {
			isa = PBXContainerItemProxy;
			containerPortal = FAABEEF72609257D00753714 /* Project object */;
			proxyType = 1;
			remoteGlobalIDString = FAABEF022609257E00753714;
			remoteInfo = "DEV (iOS)";
		};
		FAABEF7A260938F900753714 /* PBXContainerItemProxy */ = {
			isa = PBXContainerItemProxy;
			containerPortal = FAABEEF72609257D00753714 /* Project object */;
			proxyType = 1;
			remoteGlobalIDString = FAABEF0A2609257E00753714;
			remoteInfo = "DEV (macOS)";
		};
/* End PBXContainerItemProxy section */

/* Begin PBXFileReference section */
		FA23D5252615127D00A00E36 /* ArticleView.swift */ = {isa = PBXFileReference; lastKnownFileType = sourcecode.swift; path = ArticleView.swift; sourceTree = "<group>"; };
		FA317E0A261771BD00E8A660 /* TagListView.swift */ = {isa = PBXFileReference; lastKnownFileType = sourcecode.swift; path = TagListView.swift; sourceTree = "<group>"; };
		FA51B489261F4F9F003E7DF3 /* AppError.swift */ = {isa = PBXFileReference; lastKnownFileType = sourcecode.swift; path = AppError.swift; sourceTree = "<group>"; };
		FA51B493261F56A7003E7DF3 /* RemoteImageView.swift */ = {isa = PBXFileReference; lastKnownFileType = sourcecode.swift; path = RemoteImageView.swift; sourceTree = "<group>"; };
		FA51B4A7261F5B93003E7DF3 /* RoundedBorderViewModifier.swift */ = {isa = PBXFileReference; lastKnownFileType = sourcecode.swift; path = RoundedBorderViewModifier.swift; sourceTree = "<group>"; };
		FAA7A07D260B97F2007F48A1 /* View+Extensions.swift */ = {isa = PBXFileReference; lastKnownFileType = sourcecode.swift; path = "View+Extensions.swift"; sourceTree = "<group>"; };
		FAA7A087260B98B7007F48A1 /* Platform.swift */ = {isa = PBXFileReference; lastKnownFileType = sourcecode.swift; path = Platform.swift; sourceTree = "<group>"; };
		FAA7A093260B9B8A007F48A1 /* AppSideBarView.swift */ = {isa = PBXFileReference; lastKnownFileType = sourcecode.swift; path = AppSideBarView.swift; sourceTree = "<group>"; };
		FAA7A0A6260BABAC007F48A1 /* Module.swift */ = {isa = PBXFileReference; lastKnownFileType = sourcecode.swift; path = Module.swift; sourceTree = "<group>"; };
		FAABEEFC2609257D00753714 /* App.swift */ = {isa = PBXFileReference; lastKnownFileType = sourcecode.swift; path = App.swift; sourceTree = "<group>"; };
		FAABEEFD2609257D00753714 /* AppView.swift */ = {isa = PBXFileReference; lastKnownFileType = sourcecode.swift; path = AppView.swift; sourceTree = "<group>"; };
		FAABEEFE2609257E00753714 /* Assets.xcassets */ = {isa = PBXFileReference; lastKnownFileType = folder.assetcatalog; path = Assets.xcassets; sourceTree = "<group>"; };
		FAABEF032609257E00753714 /* DEV.app */ = {isa = PBXFileReference; explicitFileType = wrapper.application; includeInIndex = 0; path = DEV.app; sourceTree = BUILT_PRODUCTS_DIR; };
		FAABEF062609257E00753714 /* Info.plist */ = {isa = PBXFileReference; lastKnownFileType = text.plist.xml; path = Info.plist; sourceTree = "<group>"; };
		FAABEF0B2609257E00753714 /* DEV.app */ = {isa = PBXFileReference; explicitFileType = wrapper.application; includeInIndex = 0; path = DEV.app; sourceTree = BUILT_PRODUCTS_DIR; };
		FAABEF0D2609257E00753714 /* Info.plist */ = {isa = PBXFileReference; lastKnownFileType = text.plist.xml; path = Info.plist; sourceTree = "<group>"; };
		FAABEF0E2609257E00753714 /* macOS.entitlements */ = {isa = PBXFileReference; lastKnownFileType = text.plist.entitlements; path = macOS.entitlements; sourceTree = "<group>"; };
		FAABEF222609276900753714 /* HomeCore.swift */ = {isa = PBXFileReference; lastKnownFileType = sourcecode.swift; path = HomeCore.swift; sourceTree = "<group>"; };
		FAABEF362609292800753714 /* HomeView.swift */ = {isa = PBXFileReference; lastKnownFileType = sourcecode.swift; path = HomeView.swift; sourceTree = "<group>"; };
		FAABEF3C2609297F00753714 /* AppCore.swift */ = {isa = PBXFileReference; lastKnownFileType = sourcecode.swift; path = AppCore.swift; sourceTree = "<group>"; };
		FAABEF64260938E700753714 /* DEViOSTests.xctest */ = {isa = PBXFileReference; explicitFileType = wrapper.cfbundle; includeInIndex = 0; path = DEViOSTests.xctest; sourceTree = BUILT_PRODUCTS_DIR; };
		FAABEF66260938E700753714 /* DEViOSTests.swift */ = {isa = PBXFileReference; lastKnownFileType = sourcecode.swift; path = DEViOSTests.swift; sourceTree = "<group>"; };
		FAABEF68260938E700753714 /* Info.plist */ = {isa = PBXFileReference; lastKnownFileType = text.plist.xml; path = Info.plist; sourceTree = "<group>"; };
		FAABEF75260938F900753714 /* DEVmacOSTests.xctest */ = {isa = PBXFileReference; explicitFileType = wrapper.cfbundle; includeInIndex = 0; path = DEVmacOSTests.xctest; sourceTree = BUILT_PRODUCTS_DIR; };
		FAABEF77260938F900753714 /* DEVmacOSTests.swift */ = {isa = PBXFileReference; lastKnownFileType = sourcecode.swift; path = DEVmacOSTests.swift; sourceTree = "<group>"; };
		FAABEF79260938F900753714 /* Info.plist */ = {isa = PBXFileReference; lastKnownFileType = text.plist.xml; path = Info.plist; sourceTree = "<group>"; };
		FAB43F62260D3CD2005D2D73 /* ReadingListView.swift */ = {isa = PBXFileReference; lastKnownFileType = sourcecode.swift; path = ReadingListView.swift; sourceTree = "<group>"; };
		FABBB7D8260FBEED00AB95FC /* Cursor.swift */ = {isa = PBXFileReference; lastKnownFileType = sourcecode.swift; path = Cursor.swift; sourceTree = "<group>"; };
		FABBB7E4260FC10C00AB95FC /* ListingsView.swift */ = {isa = PBXFileReference; lastKnownFileType = sourcecode.swift; path = ListingsView.swift; sourceTree = "<group>"; };
		FABBB812260FEE6700AB95FC /* PodcastsView.swift */ = {isa = PBXFileReference; lastKnownFileType = sourcecode.swift; path = PodcastsView.swift; sourceTree = "<group>"; };
		FABBB81E2610AA0300AB95FC /* VideosView.swift */ = {isa = PBXFileReference; lastKnownFileType = sourcecode.swift; path = VideosView.swift; sourceTree = "<group>"; };
		FABBB82A2610AACA00AB95FC /* TagsView.swift */ = {isa = PBXFileReference; lastKnownFileType = sourcecode.swift; path = TagsView.swift; sourceTree = "<group>"; };
		FABBB8362610AC5600AB95FC /* CodeOfConductView.swift */ = {isa = PBXFileReference; lastKnownFileType = sourcecode.swift; path = CodeOfConductView.swift; sourceTree = "<group>"; };
		FABBB8422610AD1D00AB95FC /* FAQView.swift */ = {isa = PBXFileReference; lastKnownFileType = sourcecode.swift; path = FAQView.swift; sourceTree = "<group>"; };
		FABBB84E2611175400AB95FC /* DEVShopView.swift */ = {isa = PBXFileReference; lastKnownFileType = sourcecode.swift; path = DEVShopView.swift; sourceTree = "<group>"; };
		FABBB8622611182300AB95FC /* SponsorsView.swift */ = {isa = PBXFileReference; lastKnownFileType = sourcecode.swift; path = SponsorsView.swift; sourceTree = "<group>"; };
		FABBB86E2611191800AB95FC /* AboutView.swift */ = {isa = PBXFileReference; lastKnownFileType = sourcecode.swift; path = AboutView.swift; sourceTree = "<group>"; };
		FABBB87626111A0D00AB95FC /* PrivacyPolicyView.swift */ = {isa = PBXFileReference; lastKnownFileType = sourcecode.swift; path = PrivacyPolicyView.swift; sourceTree = "<group>"; };
		FABBB87E26111BE000AB95FC /* TermsOfUseView.swift */ = {isa = PBXFileReference; lastKnownFileType = sourcecode.swift; path = TermsOfUseView.swift; sourceTree = "<group>"; };
		FABBB88626111C6300AB95FC /* ContactView.swift */ = {isa = PBXFileReference; lastKnownFileType = sourcecode.swift; path = ContactView.swift; sourceTree = "<group>"; };
		FADC1F622618F5F9009A129D /* DEVButton.swift */ = {isa = PBXFileReference; lastKnownFileType = sourcecode.swift; path = DEVButton.swift; sourceTree = "<group>"; };
		FAFB74EE2611E000008269BB /* Layout+Extensions.swift */ = {isa = PBXFileReference; lastKnownFileType = sourcecode.swift; path = "Layout+Extensions.swift"; sourceTree = "<group>"; };
		FAFB74F42611E00D008269BB /* Layout+Extensions.swift */ = {isa = PBXFileReference; lastKnownFileType = sourcecode.swift; path = "Layout+Extensions.swift"; sourceTree = "<group>"; };
		FAFB750F2611E9B5008269BB /* Color+Extensions.swift */ = {isa = PBXFileReference; lastKnownFileType = sourcecode.swift; path = "Color+Extensions.swift"; sourceTree = "<group>"; };
		FAFF5AAF261A4FAC00B94641 /* AppDelegate.swift */ = {isa = PBXFileReference; lastKnownFileType = sourcecode.swift; path = AppDelegate.swift; sourceTree = "<group>"; };
/* End PBXFileReference section */

/* Begin PBXFrameworksBuildPhase section */
		FAABEF002609257E00753714 /* Frameworks */ = {
			isa = PBXFrameworksBuildPhase;
			buildActionMask = 2147483647;
			files = (
				FA51B49C261F58C6003E7DF3 /* Kingfisher in Frameworks */,
				FAABEF28260927F500753714 /* ComposableArchitecture in Frameworks */,
				FA51B482261F4650003E7DF3 /* DEVAPI in Frameworks */,
			);
			runOnlyForDeploymentPostprocessing = 0;
		};
		FAABEF082609257E00753714 /* Frameworks */ = {
			isa = PBXFrameworksBuildPhase;
			buildActionMask = 2147483647;
			files = (
				FA51B4A2261F58CF003E7DF3 /* Kingfisher in Frameworks */,
				FAABEF2D2609285D00753714 /* ComposableArchitecture in Frameworks */,
				FA51B484261F4655003E7DF3 /* DEVAPI in Frameworks */,
			);
			runOnlyForDeploymentPostprocessing = 0;
		};
		FAABEF61260938E700753714 /* Frameworks */ = {
			isa = PBXFrameworksBuildPhase;
			buildActionMask = 2147483647;
			files = (
			);
			runOnlyForDeploymentPostprocessing = 0;
		};
		FAABEF72260938F900753714 /* Frameworks */ = {
			isa = PBXFrameworksBuildPhase;
			buildActionMask = 2147483647;
			files = (
			);
			runOnlyForDeploymentPostprocessing = 0;
		};
/* End PBXFrameworksBuildPhase section */

/* Begin PBXGroup section */
		FA23D5242615126400A00E36 /* Article */ = {
			isa = PBXGroup;
			children = (
				FA23D5252615127D00A00E36 /* ArticleView.swift */,
				FA317E0A261771BD00E8A660 /* TagListView.swift */,
			);
			path = Article;
			sourceTree = "<group>";
		};
		FA23D53426151EFF00A00E36 /* Shared */ = {
			isa = PBXGroup;
			children = (
				FADC1F622618F5F9009A129D /* DEVButton.swift */,
				FA51B493261F56A7003E7DF3 /* RemoteImageView.swift */,
				FA51B4A7261F5B93003E7DF3 /* RoundedBorderViewModifier.swift */,
			);
			path = Shared;
			sourceTree = "<group>";
		};
		FAA7A077260B97BA007F48A1 /* Misc */ = {
			isa = PBXGroup;
			children = (
				FA23D53426151EFF00A00E36 /* Shared */,
				FAA7A07C260B97CC007F48A1 /* Extensions */,
				FAA7A087260B98B7007F48A1 /* Platform.swift */,
			);
			path = Misc;
			sourceTree = "<group>";
		};
		FAA7A07C260B97CC007F48A1 /* Extensions */ = {
			isa = PBXGroup;
			children = (
				FAA7A07D260B97F2007F48A1 /* View+Extensions.swift */,
			);
			path = Extensions;
			sourceTree = "<group>";
		};
		FAA7A099260BA9F4007F48A1 /* Modules */ = {
			isa = PBXGroup;
			children = (
				FAABEF1F260926ED00753714 /* Home */,
				FAB43F61260D3CAB005D2D73 /* ReadingList */,
				FABBB7E3260FC0FF00AB95FC /* Listings */,
				FABBB811260FEE4E00AB95FC /* Podcasts */,
				FABBB81D2610A9EC00AB95FC /* Videos */,
				FABBB8292610AABC00AB95FC /* Tags */,
				FABBB8352610AC4400AB95FC /* CodeOfConduct */,
				FABBB8412610ACD700AB95FC /* FAQ */,
				FABBB84D2611174100AB95FC /* DEVShop */,
				FABBB8612611180800AB95FC /* Sponsors */,
				FABBB86D2611190D00AB95FC /* About */,
				FABBB875261119F900AB95FC /* PrivacyPolicy */,
				FABBB87D26111BCE00AB95FC /* TermsOfUse */,
				FABBB88526111C4300AB95FC /* Contact */,
				FAA7A0A6260BABAC007F48A1 /* Module.swift */,
			);
			path = Modules;
			sourceTree = "<group>";
		};
		FAABEEF62609257D00753714 = {
			isa = PBXGroup;
			children = (
				FAABEEFB2609257D00753714 /* Shared */,
				FAABEF052609257E00753714 /* iOS */,
				FAABEF0C2609257E00753714 /* macOS */,
				FAABEF65260938E700753714 /* DEViOSTests */,
				FAABEF76260938F900753714 /* DEVmacOSTests */,
				FAABEF042609257E00753714 /* Products */,
				FAABEF2B2609285D00753714 /* Frameworks */,
			);
			sourceTree = "<group>";
		};
		FAABEEFB2609257D00753714 /* Shared */ = {
			isa = PBXGroup;
			children = (
				FAABEF20260926F600753714 /* App */,
				FAA7A099260BA9F4007F48A1 /* Modules */,
				FAABEF212609270500753714 /* Resources */,
				FAA7A077260B97BA007F48A1 /* Misc */,
			);
			path = Shared;
			sourceTree = "<group>";
		};
		FAABEF042609257E00753714 /* Products */ = {
			isa = PBXGroup;
			children = (
				FAABEF032609257E00753714 /* DEV.app */,
				FAABEF0B2609257E00753714 /* DEV.app */,
				FAABEF64260938E700753714 /* DEViOSTests.xctest */,
				FAABEF75260938F900753714 /* DEVmacOSTests.xctest */,
			);
			name = Products;
			sourceTree = "<group>";
		};
		FAABEF052609257E00753714 /* iOS */ = {
			isa = PBXGroup;
			children = (
				FAABEF062609257E00753714 /* Info.plist */,
				FAFB74F42611E00D008269BB /* Layout+Extensions.swift */,
			);
			path = iOS;
			sourceTree = "<group>";
		};
		FAABEF0C2609257E00753714 /* macOS */ = {
			isa = PBXGroup;
			children = (
				FAABEF0D2609257E00753714 /* Info.plist */,
				FAABEF0E2609257E00753714 /* macOS.entitlements */,
				FABBB7D8260FBEED00AB95FC /* Cursor.swift */,
				FAFB74EE2611E000008269BB /* Layout+Extensions.swift */,
				FAFF5AAF261A4FAC00B94641 /* AppDelegate.swift */,
			);
			path = macOS;
			sourceTree = "<group>";
		};
		FAABEF1F260926ED00753714 /* Home */ = {
			isa = PBXGroup;
			children = (
				FA23D5242615126400A00E36 /* Article */,
				FAABEF222609276900753714 /* HomeCore.swift */,
				FAABEF362609292800753714 /* HomeView.swift */,
			);
			path = Home;
			sourceTree = "<group>";
		};
		FAABEF20260926F600753714 /* App */ = {
			isa = PBXGroup;
			children = (
				FAABEEFC2609257D00753714 /* App.swift */,
				FAABEEFD2609257D00753714 /* AppView.swift */,
				FAABEF3C2609297F00753714 /* AppCore.swift */,
				FAA7A093260B9B8A007F48A1 /* AppSideBarView.swift */,
				FA51B489261F4F9F003E7DF3 /* AppError.swift */,
			);
			path = App;
			sourceTree = "<group>";
		};
		FAABEF212609270500753714 /* Resources */ = {
			isa = PBXGroup;
			children = (
				FAABEEFE2609257E00753714 /* Assets.xcassets */,
				FAFB750F2611E9B5008269BB /* Color+Extensions.swift */,
			);
			path = Resources;
			sourceTree = "<group>";
		};
		FAABEF2B2609285D00753714 /* Frameworks */ = {
			isa = PBXGroup;
			children = (
			);
			name = Frameworks;
			sourceTree = "<group>";
		};
		FAABEF65260938E700753714 /* DEViOSTests */ = {
			isa = PBXGroup;
			children = (
				FAABEF66260938E700753714 /* DEViOSTests.swift */,
				FAABEF68260938E700753714 /* Info.plist */,
			);
			path = DEViOSTests;
			sourceTree = "<group>";
		};
		FAABEF76260938F900753714 /* DEVmacOSTests */ = {
			isa = PBXGroup;
			children = (
				FAABEF77260938F900753714 /* DEVmacOSTests.swift */,
				FAABEF79260938F900753714 /* Info.plist */,
			);
			path = DEVmacOSTests;
			sourceTree = "<group>";
		};
		FAB43F61260D3CAB005D2D73 /* ReadingList */ = {
			isa = PBXGroup;
			children = (
				FAB43F62260D3CD2005D2D73 /* ReadingListView.swift */,
			);
			path = ReadingList;
			sourceTree = "<group>";
		};
		FABBB7E3260FC0FF00AB95FC /* Listings */ = {
			isa = PBXGroup;
			children = (
				FABBB7E4260FC10C00AB95FC /* ListingsView.swift */,
			);
			path = Listings;
			sourceTree = "<group>";
		};
		FABBB811260FEE4E00AB95FC /* Podcasts */ = {
			isa = PBXGroup;
			children = (
				FABBB812260FEE6700AB95FC /* PodcastsView.swift */,
			);
			path = Podcasts;
			sourceTree = "<group>";
		};
		FABBB81D2610A9EC00AB95FC /* Videos */ = {
			isa = PBXGroup;
			children = (
				FABBB81E2610AA0300AB95FC /* VideosView.swift */,
			);
			path = Videos;
			sourceTree = "<group>";
		};
		FABBB8292610AABC00AB95FC /* Tags */ = {
			isa = PBXGroup;
			children = (
				FABBB82A2610AACA00AB95FC /* TagsView.swift */,
			);
			path = Tags;
			sourceTree = "<group>";
		};
		FABBB8352610AC4400AB95FC /* CodeOfConduct */ = {
			isa = PBXGroup;
			children = (
				FABBB8362610AC5600AB95FC /* CodeOfConductView.swift */,
			);
			path = CodeOfConduct;
			sourceTree = "<group>";
		};
		FABBB8412610ACD700AB95FC /* FAQ */ = {
			isa = PBXGroup;
			children = (
				FABBB8422610AD1D00AB95FC /* FAQView.swift */,
			);
			path = FAQ;
			sourceTree = "<group>";
		};
		FABBB84D2611174100AB95FC /* DEVShop */ = {
			isa = PBXGroup;
			children = (
				FABBB84E2611175400AB95FC /* DEVShopView.swift */,
			);
			path = DEVShop;
			sourceTree = "<group>";
		};
		FABBB8612611180800AB95FC /* Sponsors */ = {
			isa = PBXGroup;
			children = (
				FABBB8622611182300AB95FC /* SponsorsView.swift */,
			);
			path = Sponsors;
			sourceTree = "<group>";
		};
		FABBB86D2611190D00AB95FC /* About */ = {
			isa = PBXGroup;
			children = (
				FABBB86E2611191800AB95FC /* AboutView.swift */,
			);
			path = About;
			sourceTree = "<group>";
		};
		FABBB875261119F900AB95FC /* PrivacyPolicy */ = {
			isa = PBXGroup;
			children = (
				FABBB87626111A0D00AB95FC /* PrivacyPolicyView.swift */,
			);
			path = PrivacyPolicy;
			sourceTree = "<group>";
		};
		FABBB87D26111BCE00AB95FC /* TermsOfUse */ = {
			isa = PBXGroup;
			children = (
				FABBB87E26111BE000AB95FC /* TermsOfUseView.swift */,
			);
			path = TermsOfUse;
			sourceTree = "<group>";
		};
		FABBB88526111C4300AB95FC /* Contact */ = {
			isa = PBXGroup;
			children = (
				FABBB88626111C6300AB95FC /* ContactView.swift */,
			);
			path = Contact;
			sourceTree = "<group>";
		};
/* End PBXGroup section */

/* Begin PBXNativeTarget section */
		FAABEF022609257E00753714 /* DEV (iOS) */ = {
			isa = PBXNativeTarget;
			buildConfigurationList = FAABEF172609257E00753714 /* Build configuration list for PBXNativeTarget "DEV (iOS)" */;
			buildPhases = (
				FAABEEFF2609257E00753714 /* Sources */,
				FAABEF002609257E00753714 /* Frameworks */,
				FAABEF012609257E00753714 /* Resources */,
				FAABEF8D2609EA2500753714 /* Swiftlint */,
			);
			buildRules = (
			);
			dependencies = (
			);
			name = "DEV (iOS)";
			packageProductDependencies = (
				FAABEF27260927F500753714 /* ComposableArchitecture */,
				FA51B481261F4650003E7DF3 /* DEVAPI */,
				FA51B49B261F58C6003E7DF3 /* Kingfisher */,
			);
			productName = "DEV (iOS)";
			productReference = FAABEF032609257E00753714 /* DEV.app */;
			productType = "com.apple.product-type.application";
		};
		FAABEF0A2609257E00753714 /* DEV (macOS) */ = {
			isa = PBXNativeTarget;
			buildConfigurationList = FAABEF1A2609257E00753714 /* Build configuration list for PBXNativeTarget "DEV (macOS)" */;
			buildPhases = (
				FAABEF072609257E00753714 /* Sources */,
				FAABEF082609257E00753714 /* Frameworks */,
				FAABEF092609257E00753714 /* Resources */,
				FAABEF8E2609EA4800753714 /* Swiftlint */,
			);
			buildRules = (
			);
			dependencies = (
			);
			name = "DEV (macOS)";
			packageProductDependencies = (
				FAABEF2C2609285D00753714 /* ComposableArchitecture */,
				FA51B483261F4655003E7DF3 /* DEVAPI */,
				FA51B4A1261F58CF003E7DF3 /* Kingfisher */,
			);
			productName = "DEV (macOS)";
			productReference = FAABEF0B2609257E00753714 /* DEV.app */;
			productType = "com.apple.product-type.application";
		};
		FAABEF63260938E700753714 /* DEViOSTests */ = {
			isa = PBXNativeTarget;
			buildConfigurationList = FAABEF6D260938E700753714 /* Build configuration list for PBXNativeTarget "DEViOSTests" */;
			buildPhases = (
				FAABEF60260938E700753714 /* Sources */,
				FAABEF61260938E700753714 /* Frameworks */,
				FAABEF62260938E700753714 /* Resources */,
			);
			buildRules = (
			);
			dependencies = (
				FAABEF6A260938E700753714 /* PBXTargetDependency */,
			);
			name = DEViOSTests;
			productName = DEViOSTests;
			productReference = FAABEF64260938E700753714 /* DEViOSTests.xctest */;
			productType = "com.apple.product-type.bundle.unit-test";
		};
		FAABEF74260938F900753714 /* DEVmacOSTests */ = {
			isa = PBXNativeTarget;
			buildConfigurationList = FAABEF7C260938F900753714 /* Build configuration list for PBXNativeTarget "DEVmacOSTests" */;
			buildPhases = (
				FAABEF71260938F900753714 /* Sources */,
				FAABEF72260938F900753714 /* Frameworks */,
				FAABEF73260938F900753714 /* Resources */,
			);
			buildRules = (
			);
			dependencies = (
				FAABEF7B260938F900753714 /* PBXTargetDependency */,
			);
			name = DEVmacOSTests;
			productName = DEVmacOSTests;
			productReference = FAABEF75260938F900753714 /* DEVmacOSTests.xctest */;
			productType = "com.apple.product-type.bundle.unit-test";
		};
/* End PBXNativeTarget section */

/* Begin PBXProject section */
		FAABEEF72609257D00753714 /* Project object */ = {
			isa = PBXProject;
			attributes = {
				LastSwiftUpdateCheck = 1240;
				LastUpgradeCheck = 1240;
				TargetAttributes = {
					FAABEF022609257E00753714 = {
						CreatedOnToolsVersion = 12.4;
					};
					FAABEF0A2609257E00753714 = {
						CreatedOnToolsVersion = 12.4;
					};
					FAABEF63260938E700753714 = {
						CreatedOnToolsVersion = 12.4;
						TestTargetID = FAABEF022609257E00753714;
					};
					FAABEF74260938F900753714 = {
						CreatedOnToolsVersion = 12.4;
						TestTargetID = FAABEF0A2609257E00753714;
					};
				};
			};
			buildConfigurationList = FAABEEFA2609257D00753714 /* Build configuration list for PBXProject "DEV" */;
			compatibilityVersion = "Xcode 9.3";
			developmentRegion = en;
			hasScannedForEncodings = 0;
			knownRegions = (
				en,
				Base,
			);
			mainGroup = FAABEEF62609257D00753714;
			packageReferences = (
				FAABEF26260927F500753714 /* XCRemoteSwiftPackageReference "swift-composable-architecture" */,
				FA51B49A261F58C6003E7DF3 /* XCRemoteSwiftPackageReference "Kingfisher" */,
			);
			productRefGroup = FAABEF042609257E00753714 /* Products */;
			projectDirPath = "";
			projectRoot = "";
			targets = (
				FAABEF022609257E00753714 /* DEV (iOS) */,
				FAABEF0A2609257E00753714 /* DEV (macOS) */,
				FAABEF63260938E700753714 /* DEViOSTests */,
				FAABEF74260938F900753714 /* DEVmacOSTests */,
			);
		};
/* End PBXProject section */

/* Begin PBXResourcesBuildPhase section */
		FAABEF012609257E00753714 /* Resources */ = {
			isa = PBXResourcesBuildPhase;
			buildActionMask = 2147483647;
			files = (
				FAABEF132609257E00753714 /* Assets.xcassets in Resources */,
			);
			runOnlyForDeploymentPostprocessing = 0;
		};
		FAABEF092609257E00753714 /* Resources */ = {
			isa = PBXResourcesBuildPhase;
			buildActionMask = 2147483647;
			files = (
				FAABEF142609257E00753714 /* Assets.xcassets in Resources */,
			);
			runOnlyForDeploymentPostprocessing = 0;
		};
		FAABEF62260938E700753714 /* Resources */ = {
			isa = PBXResourcesBuildPhase;
			buildActionMask = 2147483647;
			files = (
			);
			runOnlyForDeploymentPostprocessing = 0;
		};
		FAABEF73260938F900753714 /* Resources */ = {
			isa = PBXResourcesBuildPhase;
			buildActionMask = 2147483647;
			files = (
			);
			runOnlyForDeploymentPostprocessing = 0;
		};
/* End PBXResourcesBuildPhase section */

/* Begin PBXShellScriptBuildPhase section */
		FAABEF8D2609EA2500753714 /* Swiftlint */ = {
			isa = PBXShellScriptBuildPhase;
			buildActionMask = 2147483647;
			files = (
			);
			inputFileListPaths = (
			);
			inputPaths = (
			);
			name = Swiftlint;
			outputFileListPaths = (
			);
			outputPaths = (
			);
			runOnlyForDeploymentPostprocessing = 0;
			shellPath = /bin/sh;
			shellScript = "if which swiftlint >/dev/null; then\n    # Relative path from the .xcodeproj which contains this script\n    swiftlint lint --config ./.swiftlint.yml\nelse\n    echo \"warning: SwiftLint not installed\"\nfi\n";
		};
		FAABEF8E2609EA4800753714 /* Swiftlint */ = {
			isa = PBXShellScriptBuildPhase;
			buildActionMask = 2147483647;
			files = (
			);
			inputFileListPaths = (
			);
			inputPaths = (
			);
			name = Swiftlint;
			outputFileListPaths = (
			);
			outputPaths = (
			);
			runOnlyForDeploymentPostprocessing = 0;
			shellPath = /bin/sh;
			shellScript = "if which swiftlint >/dev/null; then\n    # Relative path from the .xcodeproj which contains this script\n    swiftlint lint --config ./.swiftlint.yml\nelse\n    echo \"warning: SwiftLint not installed\"\nfi\n";
		};
/* End PBXShellScriptBuildPhase section */

/* Begin PBXSourcesBuildPhase section */
		FAABEEFF2609257E00753714 /* Sources */ = {
			isa = PBXSourcesBuildPhase;
			buildActionMask = 2147483647;
			files = (
				FAA7A088260B98B7007F48A1 /* Platform.swift in Sources */,
				FABBB86F2611191800AB95FC /* AboutView.swift in Sources */,
				FAFB74F52611E00D008269BB /* Layout+Extensions.swift in Sources */,
				FA317E0B261771BD00E8A660 /* TagListView.swift in Sources */,
				FABBB84F2611175400AB95FC /* DEVShopView.swift in Sources */,
				FAABEF372609292800753714 /* HomeView.swift in Sources */,
				FAA7A07E260B97F2007F48A1 /* View+Extensions.swift in Sources */,
				FABBB82B2610AACA00AB95FC /* TagsView.swift in Sources */,
				FAFB75102611E9B5008269BB /* Color+Extensions.swift in Sources */,
				FABBB7E5260FC10C00AB95FC /* ListingsView.swift in Sources */,
				FABBB87F26111BE000AB95FC /* TermsOfUseView.swift in Sources */,
				FAA7A0A7260BABAC007F48A1 /* Module.swift in Sources */,
				FA23D5262615127D00A00E36 /* ArticleView.swift in Sources */,
				FAB43F63260D3CD2005D2D73 /* ReadingListView.swift in Sources */,
				FAABEF112609257E00753714 /* AppView.swift in Sources */,
				FAABEF0F2609257E00753714 /* App.swift in Sources */,
				FADC1F632618F5F9009A129D /* DEVButton.swift in Sources */,
				FA51B4A8261F5B93003E7DF3 /* RoundedBorderViewModifier.swift in Sources */,
				FABBB8632611182300AB95FC /* SponsorsView.swift in Sources */,
				FAABEF232609276900753714 /* HomeCore.swift in Sources */,
				FABBB8372610AC5600AB95FC /* CodeOfConductView.swift in Sources */,
				FABBB87726111A0D00AB95FC /* PrivacyPolicyView.swift in Sources */,
				FABBB8432610AD1D00AB95FC /* FAQView.swift in Sources */,
				FABBB88726111C6300AB95FC /* ContactView.swift in Sources */,
				FABBB81F2610AA0300AB95FC /* VideosView.swift in Sources */,
				FAABEF3D2609297F00753714 /* AppCore.swift in Sources */,
				FABBB813260FEE6700AB95FC /* PodcastsView.swift in Sources */,
				FABBB8A5261120E300AB95FC /* AppSideBarView.swift in Sources */,
				FA51B48A261F4F9F003E7DF3 /* AppError.swift in Sources */,
				FA51B494261F56A7003E7DF3 /* RemoteImageView.swift in Sources */,
			);
			runOnlyForDeploymentPostprocessing = 0;
		};
		FAABEF072609257E00753714 /* Sources */ = {
			isa = PBXSourcesBuildPhase;
			buildActionMask = 2147483647;
			files = (
				FAA7A089260B98B7007F48A1 /* Platform.swift in Sources */,
				FAABEF48260929B800753714 /* HomeView.swift in Sources */,
				FAFB75112611E9B5008269BB /* Color+Extensions.swift in Sources */,
				FAFB74FA2611E012008269BB /* Layout+Extensions.swift in Sources */,
				FABBB8502611175400AB95FC /* DEVShopView.swift in Sources */,
				FABBB87826111A0D00AB95FC /* PrivacyPolicyView.swift in Sources */,
				FABBB8382610AC5600AB95FC /* CodeOfConductView.swift in Sources */,
				FABBB8442610AD1D00AB95FC /* FAQView.swift in Sources */,
				FABBB8642611182300AB95FC /* SponsorsView.swift in Sources */,
				FAABEF42260929B000753714 /* AppCore.swift in Sources */,
				FABBB7E6260FC10C00AB95FC /* ListingsView.swift in Sources */,
				FABBB88026111BE000AB95FC /* TermsOfUseView.swift in Sources */,
				FAA7A0A8260BABAC007F48A1 /* Module.swift in Sources */,
				FA51B48B261F4F9F003E7DF3 /* AppError.swift in Sources */,
				FAB43F64260D3CD2005D2D73 /* ReadingListView.swift in Sources */,
				FAABEF122609257E00753714 /* AppView.swift in Sources */,
				FADC1F642618F5F9009A129D /* DEVButton.swift in Sources */,
				FA23D5272615127D00A00E36 /* ArticleView.swift in Sources */,
				FAA7A094260B9B8A007F48A1 /* AppSideBarView.swift in Sources */,
				FABBB8702611191800AB95FC /* AboutView.swift in Sources */,
				FABBB88826111C6300AB95FC /* ContactView.swift in Sources */,
				FA317E0C261771BD00E8A660 /* TagListView.swift in Sources */,
				FABBB8202610AA0400AB95FC /* VideosView.swift in Sources */,
				FABBB814260FEE6700AB95FC /* PodcastsView.swift in Sources */,
				FABBB7DA260FBEED00AB95FC /* Cursor.swift in Sources */,
				FA51B495261F56A7003E7DF3 /* RemoteImageView.swift in Sources */,
				FAFF5AB0261A4FAC00B94641 /* AppDelegate.swift in Sources */,
				FAABEF45260929B500753714 /* HomeCore.swift in Sources */,
				FAA7A08E260B9A54007F48A1 /* View+Extensions.swift in Sources */,
				FAABEF102609257E00753714 /* App.swift in Sources */,
				FABBB82C2610AACA00AB95FC /* TagsView.swift in Sources */,
				FA51B4A9261F5B93003E7DF3 /* RoundedBorderViewModifier.swift in Sources */,
			);
			runOnlyForDeploymentPostprocessing = 0;
		};
		FAABEF60260938E700753714 /* Sources */ = {
			isa = PBXSourcesBuildPhase;
			buildActionMask = 2147483647;
			files = (
				FAABEF67260938E700753714 /* DEViOSTests.swift in Sources */,
			);
			runOnlyForDeploymentPostprocessing = 0;
		};
		FAABEF71260938F900753714 /* Sources */ = {
			isa = PBXSourcesBuildPhase;
			buildActionMask = 2147483647;
			files = (
				FAABEF78260938F900753714 /* DEVmacOSTests.swift in Sources */,
			);
			runOnlyForDeploymentPostprocessing = 0;
		};
/* End PBXSourcesBuildPhase section */

/* Begin PBXTargetDependency section */
		FAABEF6A260938E700753714 /* PBXTargetDependency */ = {
			isa = PBXTargetDependency;
			target = FAABEF022609257E00753714 /* DEV (iOS) */;
			targetProxy = FAABEF69260938E700753714 /* PBXContainerItemProxy */;
		};
		FAABEF7B260938F900753714 /* PBXTargetDependency */ = {
			isa = PBXTargetDependency;
			target = FAABEF0A2609257E00753714 /* DEV (macOS) */;
			targetProxy = FAABEF7A260938F900753714 /* PBXContainerItemProxy */;
		};
/* End PBXTargetDependency section */

/* Begin XCBuildConfiguration section */
		FAABEF152609257E00753714 /* Debug */ = {
			isa = XCBuildConfiguration;
			buildSettings = {
				ALWAYS_SEARCH_USER_PATHS = NO;
				CLANG_ANALYZER_NONNULL = YES;
				CLANG_ANALYZER_NUMBER_OBJECT_CONVERSION = YES_AGGRESSIVE;
				CLANG_CXX_LANGUAGE_STANDARD = "gnu++14";
				CLANG_CXX_LIBRARY = "libc++";
				CLANG_ENABLE_MODULES = YES;
				CLANG_ENABLE_OBJC_ARC = YES;
				CLANG_ENABLE_OBJC_WEAK = YES;
				CLANG_WARN_BLOCK_CAPTURE_AUTORELEASING = YES;
				CLANG_WARN_BOOL_CONVERSION = YES;
				CLANG_WARN_COMMA = YES;
				CLANG_WARN_CONSTANT_CONVERSION = YES;
				CLANG_WARN_DEPRECATED_OBJC_IMPLEMENTATIONS = YES;
				CLANG_WARN_DIRECT_OBJC_ISA_USAGE = YES_ERROR;
				CLANG_WARN_DOCUMENTATION_COMMENTS = YES;
				CLANG_WARN_EMPTY_BODY = YES;
				CLANG_WARN_ENUM_CONVERSION = YES;
				CLANG_WARN_INFINITE_RECURSION = YES;
				CLANG_WARN_INT_CONVERSION = YES;
				CLANG_WARN_NON_LITERAL_NULL_CONVERSION = YES;
				CLANG_WARN_OBJC_IMPLICIT_RETAIN_SELF = YES;
				CLANG_WARN_OBJC_LITERAL_CONVERSION = YES;
				CLANG_WARN_OBJC_ROOT_CLASS = YES_ERROR;
				CLANG_WARN_QUOTED_INCLUDE_IN_FRAMEWORK_HEADER = YES;
				CLANG_WARN_RANGE_LOOP_ANALYSIS = YES;
				CLANG_WARN_STRICT_PROTOTYPES = YES;
				CLANG_WARN_SUSPICIOUS_MOVE = YES;
				CLANG_WARN_UNGUARDED_AVAILABILITY = YES_AGGRESSIVE;
				CLANG_WARN_UNREACHABLE_CODE = YES;
				CLANG_WARN__DUPLICATE_METHOD_MATCH = YES;
				COPY_PHASE_STRIP = NO;
				DEBUG_INFORMATION_FORMAT = dwarf;
				ENABLE_STRICT_OBJC_MSGSEND = YES;
				ENABLE_TESTABILITY = YES;
				GCC_C_LANGUAGE_STANDARD = gnu11;
				GCC_DYNAMIC_NO_PIC = NO;
				GCC_NO_COMMON_BLOCKS = YES;
				GCC_OPTIMIZATION_LEVEL = 0;
				GCC_PREPROCESSOR_DEFINITIONS = (
					"DEBUG=1",
					"$(inherited)",
				);
				GCC_WARN_64_TO_32_BIT_CONVERSION = YES;
				GCC_WARN_ABOUT_RETURN_TYPE = YES_ERROR;
				GCC_WARN_UNDECLARED_SELECTOR = YES;
				GCC_WARN_UNINITIALIZED_AUTOS = YES_AGGRESSIVE;
				GCC_WARN_UNUSED_FUNCTION = YES;
				GCC_WARN_UNUSED_VARIABLE = YES;
				MTL_ENABLE_DEBUG_INFO = INCLUDE_SOURCE;
				MTL_FAST_MATH = YES;
				ONLY_ACTIVE_ARCH = YES;
				SWIFT_ACTIVE_COMPILATION_CONDITIONS = DEBUG;
				SWIFT_OPTIMIZATION_LEVEL = "-Onone";
			};
			name = Debug;
		};
		FAABEF162609257E00753714 /* Release */ = {
			isa = XCBuildConfiguration;
			buildSettings = {
				ALWAYS_SEARCH_USER_PATHS = NO;
				CLANG_ANALYZER_NONNULL = YES;
				CLANG_ANALYZER_NUMBER_OBJECT_CONVERSION = YES_AGGRESSIVE;
				CLANG_CXX_LANGUAGE_STANDARD = "gnu++14";
				CLANG_CXX_LIBRARY = "libc++";
				CLANG_ENABLE_MODULES = YES;
				CLANG_ENABLE_OBJC_ARC = YES;
				CLANG_ENABLE_OBJC_WEAK = YES;
				CLANG_WARN_BLOCK_CAPTURE_AUTORELEASING = YES;
				CLANG_WARN_BOOL_CONVERSION = YES;
				CLANG_WARN_COMMA = YES;
				CLANG_WARN_CONSTANT_CONVERSION = YES;
				CLANG_WARN_DEPRECATED_OBJC_IMPLEMENTATIONS = YES;
				CLANG_WARN_DIRECT_OBJC_ISA_USAGE = YES_ERROR;
				CLANG_WARN_DOCUMENTATION_COMMENTS = YES;
				CLANG_WARN_EMPTY_BODY = YES;
				CLANG_WARN_ENUM_CONVERSION = YES;
				CLANG_WARN_INFINITE_RECURSION = YES;
				CLANG_WARN_INT_CONVERSION = YES;
				CLANG_WARN_NON_LITERAL_NULL_CONVERSION = YES;
				CLANG_WARN_OBJC_IMPLICIT_RETAIN_SELF = YES;
				CLANG_WARN_OBJC_LITERAL_CONVERSION = YES;
				CLANG_WARN_OBJC_ROOT_CLASS = YES_ERROR;
				CLANG_WARN_QUOTED_INCLUDE_IN_FRAMEWORK_HEADER = YES;
				CLANG_WARN_RANGE_LOOP_ANALYSIS = YES;
				CLANG_WARN_STRICT_PROTOTYPES = YES;
				CLANG_WARN_SUSPICIOUS_MOVE = YES;
				CLANG_WARN_UNGUARDED_AVAILABILITY = YES_AGGRESSIVE;
				CLANG_WARN_UNREACHABLE_CODE = YES;
				CLANG_WARN__DUPLICATE_METHOD_MATCH = YES;
				COPY_PHASE_STRIP = NO;
				DEBUG_INFORMATION_FORMAT = "dwarf-with-dsym";
				ENABLE_NS_ASSERTIONS = NO;
				ENABLE_STRICT_OBJC_MSGSEND = YES;
				GCC_C_LANGUAGE_STANDARD = gnu11;
				GCC_NO_COMMON_BLOCKS = YES;
				GCC_WARN_64_TO_32_BIT_CONVERSION = YES;
				GCC_WARN_ABOUT_RETURN_TYPE = YES_ERROR;
				GCC_WARN_UNDECLARED_SELECTOR = YES;
				GCC_WARN_UNINITIALIZED_AUTOS = YES_AGGRESSIVE;
				GCC_WARN_UNUSED_FUNCTION = YES;
				GCC_WARN_UNUSED_VARIABLE = YES;
				MTL_ENABLE_DEBUG_INFO = NO;
				MTL_FAST_MATH = YES;
				SWIFT_COMPILATION_MODE = wholemodule;
				SWIFT_OPTIMIZATION_LEVEL = "-O";
			};
			name = Release;
		};
		FAABEF182609257E00753714 /* Debug */ = {
			isa = XCBuildConfiguration;
			buildSettings = {
				ASSETCATALOG_COMPILER_APPICON_NAME = AppIcon;
				ASSETCATALOG_COMPILER_GLOBAL_ACCENT_COLOR_NAME = accent;
				CLANG_USE_OPTIMIZATION_PROFILE = YES;
				CODE_SIGN_IDENTITY = "iPhone Developer";
				CODE_SIGN_STYLE = Automatic;
				DEVELOPMENT_TEAM = YL77PVMV33;
				ENABLE_PREVIEWS = YES;
				INFOPLIST_FILE = iOS/Info.plist;
				IPHONEOS_DEPLOYMENT_TARGET = 14.4;
				LD_RUNPATH_SEARCH_PATHS = (
					"$(inherited)",
					"@executable_path/Frameworks",
				);
				PRODUCT_BUNDLE_IDENTIFIER = to.dev.hadiidbouk;
				PRODUCT_NAME = DEV;
				PROVISIONING_PROFILE_SPECIFIER = "";
				SDKROOT = iphoneos;
				SWIFT_VERSION = 5.0;
				TARGETED_DEVICE_FAMILY = "1,2";
			};
			name = Debug;
		};
		FAABEF192609257E00753714 /* Release */ = {
			isa = XCBuildConfiguration;
			buildSettings = {
				ASSETCATALOG_COMPILER_APPICON_NAME = AppIcon;
				ASSETCATALOG_COMPILER_GLOBAL_ACCENT_COLOR_NAME = accent;
				CLANG_USE_OPTIMIZATION_PROFILE = YES;
				CODE_SIGN_IDENTITY = "iPhone Developer";
				CODE_SIGN_STYLE = Automatic;
				DEVELOPMENT_TEAM = YL77PVMV33;
				ENABLE_PREVIEWS = YES;
				INFOPLIST_FILE = iOS/Info.plist;
				IPHONEOS_DEPLOYMENT_TARGET = 14.4;
				LD_RUNPATH_SEARCH_PATHS = (
					"$(inherited)",
					"@executable_path/Frameworks",
				);
				PRODUCT_BUNDLE_IDENTIFIER = to.dev.hadiidbouk;
				PRODUCT_NAME = DEV;
				PROVISIONING_PROFILE_SPECIFIER = "";
				SDKROOT = iphoneos;
				SWIFT_VERSION = 5.0;
				TARGETED_DEVICE_FAMILY = "1,2";
				VALIDATE_PRODUCT = YES;
			};
			name = Release;
		};
		FAABEF1B2609257E00753714 /* Debug */ = {
			isa = XCBuildConfiguration;
			buildSettings = {
				ASSETCATALOG_COMPILER_APPICON_NAME = AppIcon;
				ASSETCATALOG_COMPILER_GLOBAL_ACCENT_COLOR_NAME = accent;
				CODE_SIGN_ENTITLEMENTS = macOS/macOS.entitlements;
				CODE_SIGN_IDENTITY = "Apple Development";
				CODE_SIGN_STYLE = Automatic;
				COMBINE_HIDPI_IMAGES = YES;
				DEVELOPMENT_TEAM = YL77PVMV33;
				ENABLE_HARDENED_RUNTIME = YES;
				ENABLE_PREVIEWS = YES;
				INFOPLIST_FILE = macOS/Info.plist;
				LD_RUNPATH_SEARCH_PATHS = (
					"$(inherited)",
					"@executable_path/../Frameworks",
				);
				MACOSX_DEPLOYMENT_TARGET = 11.1;
				PRODUCT_BUNDLE_IDENTIFIER = com.hadiidbouk.DEV;
				PRODUCT_NAME = DEV;
				PROVISIONING_PROFILE_SPECIFIER = "";
				SDKROOT = macosx;
				SWIFT_VERSION = 5.0;
			};
			name = Debug;
		};
		FAABEF1C2609257E00753714 /* Release */ = {
			isa = XCBuildConfiguration;
			buildSettings = {
				ASSETCATALOG_COMPILER_APPICON_NAME = AppIcon;
				ASSETCATALOG_COMPILER_GLOBAL_ACCENT_COLOR_NAME = accent;
				CODE_SIGN_ENTITLEMENTS = macOS/macOS.entitlements;
				CODE_SIGN_IDENTITY = "Apple Development";
				CODE_SIGN_STYLE = Automatic;
				COMBINE_HIDPI_IMAGES = YES;
				DEVELOPMENT_TEAM = YL77PVMV33;
				ENABLE_HARDENED_RUNTIME = YES;
				ENABLE_PREVIEWS = YES;
				INFOPLIST_FILE = macOS/Info.plist;
				LD_RUNPATH_SEARCH_PATHS = (
					"$(inherited)",
					"@executable_path/../Frameworks",
				);
				MACOSX_DEPLOYMENT_TARGET = 11.1;
				PRODUCT_BUNDLE_IDENTIFIER = com.hadiidbouk.DEV;
				PRODUCT_NAME = DEV;
				PROVISIONING_PROFILE_SPECIFIER = "";
				SDKROOT = macosx;
				SWIFT_VERSION = 5.0;
			};
			name = Release;
		};
		FAABEF6B260938E700753714 /* Debug */ = {
			isa = XCBuildConfiguration;
			buildSettings = {
				BUNDLE_LOADER = "$(TEST_HOST)";
				CODE_SIGN_IDENTITY = "Apple Development";
				"CODE_SIGN_IDENTITY[sdk=macosx*]" = "Apple Development";
				CODE_SIGN_STYLE = Automatic;
				DEVELOPMENT_TEAM = YL77PVMV33;
				INFOPLIST_FILE = DEViOSTests/Info.plist;
				IPHONEOS_DEPLOYMENT_TARGET = 14.4;
				LD_RUNPATH_SEARCH_PATHS = (
					"$(inherited)",
					"@executable_path/Frameworks",
					"@loader_path/Frameworks",
				);
				PRODUCT_BUNDLE_IDENTIFIER = com.hadiidbouk.DEViOSTests;
				PRODUCT_NAME = "$(TARGET_NAME)";
				PROVISIONING_PROFILE_SPECIFIER = "";
				"PROVISIONING_PROFILE_SPECIFIER[sdk=macosx*]" = "";
				SDKROOT = iphoneos;
				SWIFT_VERSION = 5.0;
				TARGETED_DEVICE_FAMILY = "1,2";
				TEST_HOST = "$(BUILT_PRODUCTS_DIR)/DEV.app/DEV";
			};
			name = Debug;
		};
		FAABEF6C260938E700753714 /* Release */ = {
			isa = XCBuildConfiguration;
			buildSettings = {
				BUNDLE_LOADER = "$(TEST_HOST)";
				CODE_SIGN_IDENTITY = "Apple Development";
				"CODE_SIGN_IDENTITY[sdk=macosx*]" = "Apple Development";
				CODE_SIGN_STYLE = Automatic;
				DEVELOPMENT_TEAM = YL77PVMV33;
				INFOPLIST_FILE = DEViOSTests/Info.plist;
				IPHONEOS_DEPLOYMENT_TARGET = 14.4;
				LD_RUNPATH_SEARCH_PATHS = (
					"$(inherited)",
					"@executable_path/Frameworks",
					"@loader_path/Frameworks",
				);
				PRODUCT_BUNDLE_IDENTIFIER = com.hadiidbouk.DEViOSTests;
				PRODUCT_NAME = "$(TARGET_NAME)";
				PROVISIONING_PROFILE_SPECIFIER = "";
				"PROVISIONING_PROFILE_SPECIFIER[sdk=macosx*]" = "";
				SDKROOT = iphoneos;
				SWIFT_VERSION = 5.0;
				TARGETED_DEVICE_FAMILY = "1,2";
				TEST_HOST = "$(BUILT_PRODUCTS_DIR)/DEV.app/DEV";
				VALIDATE_PRODUCT = YES;
			};
			name = Release;
		};
		FAABEF7D260938F900753714 /* Debug */ = {
			isa = XCBuildConfiguration;
			buildSettings = {
				BUNDLE_LOADER = "$(TEST_HOST)";
				CODE_SIGN_IDENTITY = "Apple Development";
				CODE_SIGN_STYLE = Automatic;
				COMBINE_HIDPI_IMAGES = YES;
				DEVELOPMENT_TEAM = YL77PVMV33;
				INFOPLIST_FILE = DEVmacOSTests/Info.plist;
				LD_RUNPATH_SEARCH_PATHS = (
					"$(inherited)",
					"@executable_path/../Frameworks",
					"@loader_path/../Frameworks",
				);
				MACOSX_DEPLOYMENT_TARGET = 11.1;
				PRODUCT_BUNDLE_IDENTIFIER = com.hadiidbouk.DEVmacOSTests;
				PRODUCT_NAME = "$(TARGET_NAME)";
				PROVISIONING_PROFILE_SPECIFIER = "";
				SDKROOT = macosx;
				SWIFT_VERSION = 5.0;
				TEST_HOST = "$(BUILT_PRODUCTS_DIR)/DEV.app/Contents/MacOS/DEV";
			};
			name = Debug;
		};
		FAABEF7E260938F900753714 /* Release */ = {
			isa = XCBuildConfiguration;
			buildSettings = {
				BUNDLE_LOADER = "$(TEST_HOST)";
				CODE_SIGN_IDENTITY = "Apple Development";
				CODE_SIGN_STYLE = Automatic;
				COMBINE_HIDPI_IMAGES = YES;
				DEVELOPMENT_TEAM = YL77PVMV33;
				INFOPLIST_FILE = DEVmacOSTests/Info.plist;
				LD_RUNPATH_SEARCH_PATHS = (
					"$(inherited)",
					"@executable_path/../Frameworks",
					"@loader_path/../Frameworks",
				);
				MACOSX_DEPLOYMENT_TARGET = 11.1;
				PRODUCT_BUNDLE_IDENTIFIER = com.hadiidbouk.DEVmacOSTests;
				PRODUCT_NAME = "$(TARGET_NAME)";
				PROVISIONING_PROFILE_SPECIFIER = "";
				SDKROOT = macosx;
				SWIFT_VERSION = 5.0;
				TEST_HOST = "$(BUILT_PRODUCTS_DIR)/DEV.app/Contents/MacOS/DEV";
			};
			name = Release;
		};
/* End XCBuildConfiguration section */

/* Begin XCConfigurationList section */
		FAABEEFA2609257D00753714 /* Build configuration list for PBXProject "DEV" */ = {
			isa = XCConfigurationList;
			buildConfigurations = (
				FAABEF152609257E00753714 /* Debug */,
				FAABEF162609257E00753714 /* Release */,
			);
			defaultConfigurationIsVisible = 0;
			defaultConfigurationName = Release;
		};
		FAABEF172609257E00753714 /* Build configuration list for PBXNativeTarget "DEV (iOS)" */ = {
			isa = XCConfigurationList;
			buildConfigurations = (
				FAABEF182609257E00753714 /* Debug */,
				FAABEF192609257E00753714 /* Release */,
			);
			defaultConfigurationIsVisible = 0;
			defaultConfigurationName = Release;
		};
		FAABEF1A2609257E00753714 /* Build configuration list for PBXNativeTarget "DEV (macOS)" */ = {
			isa = XCConfigurationList;
			buildConfigurations = (
				FAABEF1B2609257E00753714 /* Debug */,
				FAABEF1C2609257E00753714 /* Release */,
			);
			defaultConfigurationIsVisible = 0;
			defaultConfigurationName = Release;
		};
		FAABEF6D260938E700753714 /* Build configuration list for PBXNativeTarget "DEViOSTests" */ = {
			isa = XCConfigurationList;
			buildConfigurations = (
				FAABEF6B260938E700753714 /* Debug */,
				FAABEF6C260938E700753714 /* Release */,
			);
			defaultConfigurationIsVisible = 0;
			defaultConfigurationName = Release;
		};
		FAABEF7C260938F900753714 /* Build configuration list for PBXNativeTarget "DEVmacOSTests" */ = {
			isa = XCConfigurationList;
			buildConfigurations = (
				FAABEF7D260938F900753714 /* Debug */,
				FAABEF7E260938F900753714 /* Release */,
			);
			defaultConfigurationIsVisible = 0;
			defaultConfigurationName = Release;
		};
/* End XCConfigurationList section */

/* Begin XCRemoteSwiftPackageReference section */
		FA51B49A261F58C6003E7DF3 /* XCRemoteSwiftPackageReference "Kingfisher" */ = {
			isa = XCRemoteSwiftPackageReference;
			repositoryURL = "https://github.com/onevcat/Kingfisher";
			requirement = {
				kind = upToNextMajorVersion;
				minimumVersion = 6.2.1;
			};
		};
		FAABEF26260927F500753714 /* XCRemoteSwiftPackageReference "swift-composable-architecture" */ = {
			isa = XCRemoteSwiftPackageReference;
			repositoryURL = "https://github.com/pointfreeco/swift-composable-architecture";
			requirement = {
				kind = upToNextMajorVersion;
				minimumVersion = 0.17.0;
			};
		};
/* End XCRemoteSwiftPackageReference section */

/* Begin XCSwiftPackageProductDependency section */
		FA51B481261F4650003E7DF3 /* DEVAPI */ = {
			isa = XCSwiftPackageProductDependency;
			productName = DEVAPI;
		};
		FA51B483261F4655003E7DF3 /* DEVAPI */ = {
			isa = XCSwiftPackageProductDependency;
			productName = DEVAPI;
		};
		FA51B49B261F58C6003E7DF3 /* Kingfisher */ = {
			isa = XCSwiftPackageProductDependency;
			package = FA51B49A261F58C6003E7DF3 /* XCRemoteSwiftPackageReference "Kingfisher" */;
			productName = Kingfisher;
		};
		FA51B4A1261F58CF003E7DF3 /* Kingfisher */ = {
			isa = XCSwiftPackageProductDependency;
			package = FA51B49A261F58C6003E7DF3 /* XCRemoteSwiftPackageReference "Kingfisher" */;
			productName = Kingfisher;
		};
		FAABEF27260927F500753714 /* ComposableArchitecture */ = {
			isa = XCSwiftPackageProductDependency;
			package = FAABEF26260927F500753714 /* XCRemoteSwiftPackageReference "swift-composable-architecture" */;
			productName = ComposableArchitecture;
		};
		FAABEF2C2609285D00753714 /* ComposableArchitecture */ = {
			isa = XCSwiftPackageProductDependency;
			package = FAABEF26260927F500753714 /* XCRemoteSwiftPackageReference "swift-composable-architecture" */;
			productName = ComposableArchitecture;
		};
/* End XCSwiftPackageProductDependency section */
	};
	rootObject = FAABEEF72609257D00753714 /* Project object */;
}
